# This file is generated by running "yarn install" inside your project.
# Manual changes might be lost - proceed with caution!

__metadata:
  version: 8
  cacheKey: 10c0

"@abp/aspnetcore.mvc.ui.theme.leptonxlite@npm:~3.3.3":
  version: 3.3.3
  resolution: "@abp/aspnetcore.mvc.ui.theme.leptonxlite@npm:3.3.3"
  dependencies:
    "@abp/aspnetcore.mvc.ui.theme.shared": "npm:~8.3.3"
  checksum: 10c0/777fdf46597ee0aa3b8e1bfdd533f4fdb1f232443eb2d75136a2ba85a9508b137ee68af8388a17dc0643c5312a00b53d3e2fa9a47e4b6cb81ebc2620d678bbe8
  languageName: node
  linkType: hard

"@abp/aspnetcore.mvc.ui.theme.shared@npm:~8.3.3":
  version: 8.3.3
  resolution: "@abp/aspnetcore.mvc.ui.theme.shared@npm:8.3.3"
  dependencies:
    "@abp/aspnetcore.mvc.ui": "npm:~8.3.3"
    "@abp/bootstrap": "npm:~8.3.3"
    "@abp/bootstrap-datepicker": "npm:~8.3.3"
    "@abp/bootstrap-daterangepicker": "npm:~8.3.3"
    "@abp/datatables.net-bs5": "npm:~8.3.3"
    "@abp/font-awesome": "npm:~8.3.3"
    "@abp/jquery-form": "npm:~8.3.3"
    "@abp/jquery-validation-unobtrusive": "npm:~8.3.3"
    "@abp/lodash": "npm:~8.3.3"
    "@abp/luxon": "npm:~8.3.3"
    "@abp/malihu-custom-scrollbar-plugin": "npm:~8.3.3"
    "@abp/moment": "npm:~8.3.3"
    "@abp/select2": "npm:~8.3.3"
    "@abp/sweetalert2": "npm:~8.3.3"
    "@abp/timeago": "npm:~8.3.3"
    "@abp/toastr": "npm:~8.3.3"
  checksum: 10c0/90b7aca35a27503569d03953f52dbf850ce0a7ebbca6f0feecf5e26d6b019359e7c4b31eb36eda2e61dadbbd7edb7d0fa5cec70274b37ee040ed9603992cefdb
  languageName: node
  linkType: hard

"@abp/aspnetcore.mvc.ui@npm:~8.3.3":
  version: 8.3.3
  resolution: "@abp/aspnetcore.mvc.ui@npm:8.3.3"
  dependencies:
    ansi-colors: "npm:^4.1.3"
  checksum: 10c0/fba3620e27e45695716613c7a1d1584f80fb6e1cbbe8f896c779f542a0041f1be54347de2945d2a75be4b3aa9aaebbd5779d2bbcb816161c31619eeaf63dd71d
  languageName: node
  linkType: hard

"@abp/bootstrap-datepicker@npm:~8.3.3":
  version: 8.3.3
  resolution: "@abp/bootstrap-datepicker@npm:8.3.3"
  dependencies:
    bootstrap-datepicker: "npm:^1.10.0"
  checksum: 10c0/35d79b986ea1490baad5e28ec427f73f681f0da9ab9c4f29d46ae15bcd8ab43f9feb3165c108af05fbe281d38c01d26568ae3ba67e74dd5df6af3b703837089d
  languageName: node
  linkType: hard

"@abp/bootstrap-daterangepicker@npm:~8.3.3":
  version: 8.3.3
  resolution: "@abp/bootstrap-daterangepicker@npm:8.3.3"
  dependencies:
    bootstrap-daterangepicker: "npm:^3.1.0"
  checksum: 10c0/1951325aa8d87bef365738df1025eed85fe39a91800f0e0993455e27ce952d685faed97b17a828c097601b6e63635b77a8f06a121b24568858645c59641a35da
  languageName: node
  linkType: hard

"@abp/bootstrap@npm:~8.3.3":
  version: 8.3.3
  resolution: "@abp/bootstrap@npm:8.3.3"
  dependencies:
    "@abp/core": "npm:~8.3.3"
    bootstrap: "npm:^5.3.3"
  checksum: 10c0/1b0c4444624e3a6fe8b3f88516919a189950e040a8fc944bed47d4455831071628d077ce9b5c90177eb79f6cbeea53584daa5b8defb32e0dbca2331f301d3456
  languageName: node
  linkType: hard

"@abp/core@npm:~8.3.3":
  version: 8.3.3
  resolution: "@abp/core@npm:8.3.3"
  dependencies:
    "@abp/utils": "npm:~8.3.3"
  checksum: 10c0/4b140cd3b804b8db8f8e431f42be6ed649a140334940b4c5136e9bf12a8e780c7f9f74e0b5a5a6d167f11b906e7e20be90d39462c1291bb524907ae8f9a8d320
  languageName: node
  linkType: hard

"@abp/datatables.net-bs5@npm:~8.3.3":
  version: 8.3.3
  resolution: "@abp/datatables.net-bs5@npm:8.3.3"
  dependencies:
    "@abp/datatables.net": "npm:~8.3.3"
    datatables.net-bs5: "npm:^2.0.8"
  checksum: 10c0/afa4e3384336ced7ec590432125ab13eb533847a27ceabc35925989316d43433933e0bfb10fe5691466fee6abf3d37fdd48dd085ddcd7c2043bc467767c83651
  languageName: node
  linkType: hard

"@abp/datatables.net@npm:~8.3.3":
  version: 8.3.3
  resolution: "@abp/datatables.net@npm:8.3.3"
  dependencies:
    "@abp/jquery": "npm:~8.3.3"
    datatables.net: "npm:^2.0.8"
  checksum: 10c0/39b709d82e12dfde7ddce99583d75a452450cbb8a321fc50cef2820c1f1a75596e8a65368d8d09b1b7d26244b9248ac7de92497cf24fa9c6c725ec5c5799bf16
  languageName: node
  linkType: hard

"@abp/font-awesome@npm:~8.3.3":
  version: 8.3.3
  resolution: "@abp/font-awesome@npm:8.3.3"
  dependencies:
    "@abp/core": "npm:~8.3.3"
    "@fortawesome/fontawesome-free": "npm:^6.5.2"
  checksum: 10c0/6c2dfa32ec8beb633d60b0dca13bbb36489b38445e4c1d216890e9bd80f255ba379d4fcaf44b73be5fa6966ed32cde11e50b24627c2fe05361a31776d665b513
  languageName: node
  linkType: hard

"@abp/jquery-form@npm:~8.3.3":
  version: 8.3.3
  resolution: "@abp/jquery-form@npm:8.3.3"
  dependencies:
    "@abp/jquery": "npm:~8.3.3"
    jquery-form: "npm:^4.3.0"
  checksum: 10c0/968bb7e5302d2e73912c776bcb105ceaeef7fad552714b226c2427c75b7e1cb09a8bc513fd40e9e16b7c5cdbe8bedea7241d442ee54a7c369463d3a1cac800db
  languageName: node
  linkType: hard

"@abp/jquery-validation-unobtrusive@npm:~8.3.3":
  version: 8.3.3
  resolution: "@abp/jquery-validation-unobtrusive@npm:8.3.3"
  dependencies:
    "@abp/jquery-validation": "npm:~8.3.3"
    jquery-validation-unobtrusive: "npm:^4.0.0"
  checksum: 10c0/ab5d9834a86ee88430bdecf07e4c9b79372f0eeaa4e064fa6e7e9df1471aba7ba1a6bcd8957f48c1011824df3745a1eb8e49b7173182cb9c34455ac96e6f091b
  languageName: node
  linkType: hard

"@abp/jquery-validation@npm:~8.3.3":
  version: 8.3.3
  resolution: "@abp/jquery-validation@npm:8.3.3"
  dependencies:
    "@abp/jquery": "npm:~8.3.3"
    jquery-validation: "npm:^1.20.1"
  checksum: 10c0/1aa19c6ec77ee75b71811502a79f488a00d8cebecba8658e2d7fb6225082392463635ff637d490a6c47bbeaad07c868e3ea43adeaa80246e367f895768d32e8d
  languageName: node
  linkType: hard

"@abp/jquery@npm:~8.3.3":
  version: 8.3.3
  resolution: "@abp/jquery@npm:8.3.3"
  dependencies:
    "@abp/core": "npm:~8.3.3"
    jquery: "npm:~3.7.1"
  checksum: 10c0/7a7b9927c7db73d39af8f441582e58798598677477e1e36829dd1d2b438757d6d2008f9d97c02ac95de40e814b5b00610d0dc743226275f9669279b9ee3ae92c
  languageName: node
  linkType: hard

"@abp/lodash@npm:~8.3.3":
  version: 8.3.3
  resolution: "@abp/lodash@npm:8.3.3"
  dependencies:
    "@abp/core": "npm:~8.3.3"
    lodash: "npm:^4.17.21"
  checksum: 10c0/9d72ae80a3aaf10812f2cb5fe1ed1b596a09eea83c98f208d3c0547a1fe361dd76ee9cd034bae55397b436bcb50241fa9194d264959db4307c18b9f89f12d4aa
  languageName: node
  linkType: hard

"@abp/luxon@npm:~8.3.3":
  version: 8.3.3
  resolution: "@abp/luxon@npm:8.3.3"
  dependencies:
    "@abp/core": "npm:~8.3.3"
    luxon: "npm:^3.4.4"
  checksum: 10c0/5749237bb76714a5f0fa8f1ffa62b8845f4e2a3ca84cbaf2978456d019ca7fca9c36474db64b73e9b1f36140d59fcd4c87c0e1f60df12d81ca34f330367481b1
  languageName: node
  linkType: hard

"@abp/malihu-custom-scrollbar-plugin@npm:~8.3.3":
  version: 8.3.3
  resolution: "@abp/malihu-custom-scrollbar-plugin@npm:8.3.3"
  dependencies:
    "@abp/core": "npm:~8.3.3"
    malihu-custom-scrollbar-plugin: "npm:^3.1.5"
  checksum: 10c0/c2ba9ee12c5a45f4fbbc7de3e2359fb27c6a162807dc89fd6a3d923b207a64a337a2395c540d86b29734a64d4fe91dfee6d839f4b5b2a575bd2512baad86cff1
  languageName: node
  linkType: hard

"@abp/moment@npm:~8.3.3":
  version: 8.3.3
  resolution: "@abp/moment@npm:8.3.3"
  dependencies:
    moment: "npm:^2.30.1"
  checksum: 10c0/f4e04711d80a54a3501ce979b4c95d64ac3b861570455377742b7c7767a34c85b54522dcac3b70308415c226fba9491b8b5552c8145ec485392e197708fb9265
  languageName: node
  linkType: hard

"@abp/select2@npm:~8.3.3":
  version: 8.3.3
  resolution: "@abp/select2@npm:8.3.3"
  dependencies:
    "@abp/core": "npm:~8.3.3"
    select2: "npm:^4.0.13"
  checksum: 10c0/bc4460fd4a487a2d57ee14a5f18a10bcbfedd48c34c4cdd46bfd3ca395704daac64b44984bbb5644d43776243828690b49de5cae1739975b69d338069288ad31
  languageName: node
  linkType: hard

"@abp/sweetalert2@npm:~8.3.3":
  version: 8.3.3
  resolution: "@abp/sweetalert2@npm:8.3.3"
  dependencies:
    "@abp/core": "npm:~8.3.3"
    sweetalert2: "npm:^11.3.6"
  checksum: 10c0/a19310a7785907a199ee256cda3ed8cca695b7c40177a4227dd2fc79b0e266b4d2aeb564d502b6a71c83c1f715ec0ca9ed4cce7dd1208424ee8534bae9f33f42
  languageName: node
  linkType: hard

"@abp/timeago@npm:~8.3.3":
  version: 8.3.3
  resolution: "@abp/timeago@npm:8.3.3"
  dependencies:
    "@abp/jquery": "npm:~8.3.3"
    timeago: "npm:^1.6.7"
  checksum: 10c0/bafd0a9837d0aea3b30b42b32be6b26d74441a7ae4ccfb4e999723a8d3cf48961e6c5344f58380ce94a87000e2f03c1b521f38b4e2870bd173b7165dca0d4c19
  languageName: node
  linkType: hard

"@abp/toastr@npm:~8.3.3":
  version: 8.3.3
  resolution: "@abp/toastr@npm:8.3.3"
  dependencies:
    "@abp/jquery": "npm:~8.3.3"
    toastr: "npm:^2.1.4"
  checksum: 10c0/37fb6a3564898c0525d038b408a6376b2d998e4fa3dbd587e4496d2fa2c33b2ecd7b86280ad4c8b1f519a6092d9fbc3c00c1b8c99bd52ec71580cd75177d413e
  languageName: node
  linkType: hard

"@abp/utils@npm:~8.3.3":
  version: 8.3.3
  resolution: "@abp/utils@npm:8.3.3"
  dependencies:
    just-compare: "npm:^2.3.0"
  checksum: 10c0/e410b7f78a37226a1f52cdcd68e24cd1e9bc736a1dbf27f76a400840c6eb5845f96957c55d5dd6709269209ba490688e401dc49b5d6908c0d47dba169f519f4f
  languageName: node
  linkType: hard

"@fortawesome/fontawesome-free@npm:^6.5.2":
  version: 6.6.0
  resolution: "@fortawesome/fontawesome-free@npm:6.6.0"
  checksum: 10c0/35c55bfecac9eb4943cf94f4380093dbe286fa29ce593488252644322b83e28eecbac757cef3eabdff7b3df67fc531c4f6dce6a3b00236f5de0174e186a9b5bb
  languageName: node
  linkType: hard

"ansi-colors@npm:^4.1.3":
  version: 4.1.3
  resolution: "ansi-colors@npm:4.1.3"
  checksum: 10c0/ec87a2f59902f74e61eada7f6e6fe20094a628dab765cfdbd03c3477599368768cffccdb5d3bb19a1b6c99126783a143b1fee31aab729b31ffe5836c7e5e28b9
  languageName: node
  linkType: hard

"bootstrap-datepicker@npm:^1.10.0":
  version: 1.10.0
  resolution: "bootstrap-datepicker@npm:1.10.0"
  dependencies:
    jquery: "npm:>=3.4.0 <4.0.0"
  checksum: 10c0/75acc7596cb7f8be26100885672097e77e2c9f1e4ec1d8ca9a716d3471f4e1167670d099e72f5e278b9bd88dfba31e65627cbcf1e41b0557c5835688b4939333
  languageName: node
  linkType: hard

"bootstrap-daterangepicker@npm:^3.1.0":
  version: 3.1.0
  resolution: "bootstrap-daterangepicker@npm:3.1.0"
  dependencies:
    jquery: "npm:>=1.10"
    moment: "npm:^2.9.0"
  checksum: 10c0/ab54b5247df355d85d478c8a7e0f5cb299d0064a14722d4311d7147bc72a06c4391752f3b49a2ae0c1ff861c563d17a99042cf7b6056a2ad5986f30c8c85623e
  languageName: node
  linkType: hard

"bootstrap@npm:^5.3.3":
  version: 5.3.3
  resolution: "bootstrap@npm:5.3.3"
  peerDependencies:
    "@popperjs/core": ^2.11.8
  checksum: 10c0/bb68ca7b763977b9cce40cb5b8c676ae19a716d2f5d15009fa7bdbcec9dea426968e3cb748fbed7592fbf10edd7c749aea841c2920996a7c1aa5e0a6e2d4c2ad
  languageName: node
  linkType: hard

"datatables.net-bs5@npm:^2.0.8":
  version: 2.1.8
  resolution: "datatables.net-bs5@npm:2.1.8"
  dependencies:
    datatables.net: "npm:2.1.8"
    jquery: "npm:>=1.7"
  checksum: 10c0/8627fc9c599fae958478f67f49f9c14555afbb00b03621294edab57ff81b4edb7405afb6cd9be2872d622859e1a8bff4363b41cbdf45905035f4ff888b33f7d8
  languageName: node
  linkType: hard

"datatables.net@npm:2.1.8, datatables.net@npm:^2.0.8":
  version: 2.1.8
  resolution: "datatables.net@npm:2.1.8"
  dependencies:
    jquery: "npm:>=1.7"
  checksum: 10c0/0c669c84c03bc63610bb885f5d0e84829221e26ae1e15d9568544b6acd9df3e89aac3b74f367af4267850498cd56feb591fbcf70c8cda0b114ca325ea94da473
  languageName: node
  linkType: hard

"jquery-form@npm:^4.3.0":
  version: 4.3.0
  resolution: "jquery-form@npm:4.3.0"
  dependencies:
    jquery: "npm:>=1.7.2"
  checksum: 10c0/69bc684a612978a47d83a8f6b54f4a288a90e4142201233d4b15449251c365dd0e2b30fa042c4209097d1d5eb8fd72cb7facf92384f8aa39650fa9eed2d10c28
  languageName: node
  linkType: hard

"jquery-mousewheel@npm:>=3.0.6":
  version: 3.1.13
  resolution: "jquery-mousewheel@npm:3.1.13"
  checksum: 10c0/acd57dfe7d2268ddddb906cfca6316fb364aeb74dc4d15379baa60c88b5fd3cc0aa7830e09cb6e702a4de9306e467519f147396e49f2f9c9f2c7118537721fab
  languageName: node
  linkType: hard

"jquery-validation-unobtrusive@npm:^4.0.0":
  version: 4.0.0
  resolution: "jquery-validation-unobtrusive@npm:4.0.0"
  dependencies:
    jquery: "npm:^3.6.0"
    jquery-validation: "npm:>=1.19"
  checksum: 10c0/17d28abec3759c1b615bfd6aaa87fea8ac2bea5c925fc1cab90da3e9c76d9feb29740877936ef41ed073eecc4f3a1a6b415f29cd00605fa02deb77427395646e
  languageName: node
  linkType: hard

"jquery-validation@npm:>=1.19, jquery-validation@npm:^1.20.1":
  version: 1.21.0
  resolution: "jquery-validation@npm:1.21.0"
  peerDependencies:
    jquery: ^1.7 || ^2.0 || ^3.1
  checksum: 10c0/b5e51fc037f79779f38bbc74dab9d1568d9f7821128aff6dcfeb12b39f0dea79f763516dc3e05b45fc9a2e9282037b08eccad0eef29fc3a23a0211454ab0f0e5
  languageName: node
  linkType: hard

"jquery@npm:>=1.10, jquery@npm:>=1.12.0, jquery@npm:>=1.5.0 <4.0, jquery@npm:>=1.7, jquery@npm:>=1.7.2, jquery@npm:>=3.4.0 <4.0.0, jquery@npm:^3.6.0, jquery@npm:~3.7.1":
  version: 3.7.1
  resolution: "jquery@npm:3.7.1"
  checksum: 10c0/808cfbfb758438560224bf26e17fcd5afc7419170230c810dd11f5c1792e2263e2970cca8d659eb84fcd9acc301edb6d310096e450277d54be4f57071b0c82d9
  languageName: node
  linkType: hard

"just-compare@npm:^2.3.0":
  version: 2.3.0
  resolution: "just-compare@npm:2.3.0"
  checksum: 10c0/f99853b608c06bc36f3727220b159626a16c4ac890216725db83dd06d99d6cd1d5e8c3a2ab02072a39350f44d07745c14918be0db4aff74b744ed787712adeec
  languageName: node
  linkType: hard

"lodash@npm:^4.17.21":
  version: 4.17.21
  resolution: "lodash@npm:4.17.21"
  checksum: 10c0/d8cbea072bb08655bb4c989da418994b073a608dffa608b09ac04b43a791b12aeae7cd7ad919aa4c925f33b48490b5cfe6c1f71d827956071dae2e7bb3a6b74c
  languageName: node
  linkType: hard

"luxon@npm:^3.4.4":
  version: 3.5.0
  resolution: "luxon@npm:3.5.0"
  checksum: 10c0/335789bba95077db831ef99894edadeb23023b3eb2137a1b56acd0d290082b691cf793143d69e30bc069ec95f0b49f36419f48e951c68014f19ffe12045e3494
  languageName: node
  linkType: hard

"malihu-custom-scrollbar-plugin@npm:^3.1.5":
  version: 3.1.5
  resolution: "malihu-custom-scrollbar-plugin@npm:3.1.5"
  dependencies:
    jquery-mousewheel: "npm:>=3.0.6"
  checksum: 10c0/f0eeb2cf7c53dfe3c02c11e9dc7ca0221101050beaca6b779c07bde2381bd599f0084158a2188c91dc8a2dd7eb9450db5af5063dbb31d65a0deefa29a1c9df99
  languageName: node
  linkType: hard

"moment@npm:^2.30.1, moment@npm:^2.9.0":
  version: 2.30.1
  resolution: "moment@npm:2.30.1"
  checksum: 10c0/865e4279418c6de666fca7786607705fd0189d8a7b7624e2e56be99290ac846f90878a6f602e34b4e0455c549b85385b1baf9966845962b313699e7cb847543a
  languageName: node
  linkType: hard

"my-app@workspace:.":
  version: 0.0.0-use.local
  resolution: "my-app@workspace:."
  dependencies:
    "@abp/aspnetcore.mvc.ui.theme.leptonxlite": "npm:~3.3.3"
  languageName: unknown
  linkType: soft

"select2@npm:^4.0.13":
  version: 4.0.13
  resolution: "select2@npm:4.0.13"
  checksum: 10c0/a393866565a5f878ca21276ed32793595851debb35ff48a8c368640e732619349f547d335b438b45ff5647145eb6c5af868cd5153740de58306a2dca2498550f
  languageName: node
  linkType: hard

"sweetalert2@npm:^11.3.6":
  version: 11.14.5
  resolution: "sweetalert2@npm:11.14.5"
  checksum: 10c0/8e340812790e91082cb98ddf8c48e4495f3b9bec2229ddd78444c89a45dea9bc36ea42c2e138c6ba82f4fa3d1e039d7a7ee0b2f538a1213ea03c86a753f79c30
  languageName: node
  linkType: hard

"timeago@npm:^1.6.7":
  version: 1.6.7
  resolution: "timeago@npm:1.6.7"
  dependencies:
    jquery: "npm:>=1.5.0 <4.0"
  checksum: 10c0/e5337d3d071590d4c75a101d50b2651153f5a25212e4c37476533f8cd4bc014fb335934b4290deef06842bf3df14181e83a81e099038efc535d59d191abac2c6
  languageName: node
  linkType: hard

"toastr@npm:^2.1.4":
  version: 2.1.4
  resolution: "toastr@npm:2.1.4"
  dependencies:
    jquery: "npm:>=1.12.0"
  checksum: 10c0/325ef9faa5d67fced64461a3c641002ca24492917c9d8c5c1a782d11f7e3ed5281683e3e00310c756365e3475ef6719e6acd93462228b8ac050eb6feee8ced60
  languageName: node
  linkType: hard
